
Microsoft Visual Studio Solution File, Format Version 12.00
# Visual Studio Version 17
VisualStudioVersion = 17.5.33516.290
MinimumVisualStudioVersion = 10.0.40219.1
Project("{FAE04EC0-301F-11D3-BF4B-00C04F79EFBC}") = "CodeBridge", "CodeBridge\CodeBridge.csproj", "{D696E280-3307-4160-8B75-3EF9F1719254}"
EndProject
Global
	GlobalSection(SolutionConfigurationPlatforms) = preSolution
		Debug|Any CPU = Debug|Any CPU
		Release|Any CPU = Release|Any CPU
	EndGlobalSection
	GlobalSection(ProjectConfigurationPlatforms) = postSolution
		{D696E280-3307-4160-8B75-3EF9F1719254}.Debug|Any CPU.ActiveCfg = Debug|Any CPU
		{D696E280-3307-4160-8B75-3EF9F1719254}.Debug|Any CPU.Build.0 = Debug|Any CPU
		{D696E280-3307-4160-8B75-3EF9F1719254}.Release|Any CPU.ActiveCfg = Release|Any CPU
		{D696E280-3307-4160-8B75-3EF9F1719254}.Release|Any CPU.Build.0 = Release|Any CPU
	EndGlobalSection
	GlobalSection(SolutionProperties) = preSolution
		HideSolutionNode = FALSE
	EndGlobalSection
	GlobalSection(ExtensibilityGlobals) = postSolution
		SolutionGuid = {884A73E6-61C2-4527-B98E-0AF71F9C78EB}
	EndGlobalSection
EndGlobal
